
Microsoft Visual Studio Solution File, Format Version 12.00
# Visual Studio Version 16
VisualStudioVersion = 16.0.30804.86
MinimumVisualStudioVersion = 10.0.40219.1
Project("{FAE04EC0-301F-11D3-BF4B-00C04F79EFBC}") = "EncapsulationAnalyzer", "EncapsulationAnalyzer\EncapsulationAnalyzer\EncapsulationAnalyzer.csproj", "{52492554-F2E2-456A-9254-43CF827A37D4}"
EndProject
Project("{FAE04EC0-301F-11D3-BF4B-00C04F79EFBC}") = "EncapsulationAnalyzer.Test", "EncapsulationAnalyzer\EncapsulationAnalyzer.Test\EncapsulationAnalyzer.Test.csproj", "{23AC95A5-98BC-4E4A-8845-2D5E54CEE232}"
EndProject
Project("{FAE04EC0-301F-11D3-BF4B-00C04F79EFBC}") = "EncapsulationAnalyzer.CLI", "EncapsulationAnalyzer.CLI\EncapsulationAnalyzer.CLI.csproj", "{254BDA04-4A21-4D90-8EE2-30406D5A6BA7}"
EndProject
Project("{FAE04EC0-301F-11D3-BF4B-00C04F79EFBC}") = "EncapsulationAnalyzer.Core", "EncapsulationAnalyzer.Core\EncapsulationAnalyzer.Core.csproj", "{7254B5AD-AA09-467B-98DA-FCC880303AD2}"
EndProject
Global
	GlobalSection(SolutionConfigurationPlatforms) = preSolution
		Debug|Any CPU = Debug|Any CPU
		Release|Any CPU = Release|Any CPU
	EndGlobalSection
	GlobalSection(ProjectConfigurationPlatforms) = postSolution
		{52492554-F2E2-456A-9254-43CF827A37D4}.Debug|Any CPU.ActiveCfg = Debug|Any CPU
		{52492554-F2E2-456A-9254-43CF827A37D4}.Debug|Any CPU.Build.0 = Debug|Any CPU
		{52492554-F2E2-456A-9254-43CF827A37D4}.Release|Any CPU.ActiveCfg = Release|Any CPU
		{52492554-F2E2-456A-9254-43CF827A37D4}.Release|Any CPU.Build.0 = Release|Any CPU
		{23AC95A5-98BC-4E4A-8845-2D5E54CEE232}.Debug|Any CPU.ActiveCfg = Debug|Any CPU
		{23AC95A5-98BC-4E4A-8845-2D5E54CEE232}.Debug|Any CPU.Build.0 = Debug|Any CPU
		{23AC95A5-98BC-4E4A-8845-2D5E54CEE232}.Release|Any CPU.ActiveCfg = Release|Any CPU
		{23AC95A5-98BC-4E4A-8845-2D5E54CEE232}.Release|Any CPU.Build.0 = Release|Any CPU
		{254BDA04-4A21-4D90-8EE2-30406D5A6BA7}.Debug|Any CPU.ActiveCfg = Debug|Any CPU
		{254BDA04-4A21-4D90-8EE2-30406D5A6BA7}.Debug|Any CPU.Build.0 = Debug|Any CPU
		{254BDA04-4A21-4D90-8EE2-30406D5A6BA7}.Release|Any CPU.ActiveCfg = Release|Any CPU
		{254BDA04-4A21-4D90-8EE2-30406D5A6BA7}.Release|Any CPU.Build.0 = Release|Any CPU
		{7254B5AD-AA09-467B-98DA-FCC880303AD2}.Debug|Any CPU.ActiveCfg = Debug|Any CPU
		{7254B5AD-AA09-467B-98DA-FCC880303AD2}.Debug|Any CPU.Build.0 = Debug|Any CPU
		{7254B5AD-AA09-467B-98DA-FCC880303AD2}.Release|Any CPU.ActiveCfg = Release|Any CPU
		{7254B5AD-AA09-467B-98DA-FCC880303AD2}.Release|Any CPU.Build.0 = Release|Any CPU
	EndGlobalSection
	GlobalSection(SolutionProperties) = preSolution
		HideSolutionNode = FALSE
	EndGlobalSection
	GlobalSection(ExtensibilityGlobals) = postSolution
		SolutionGuid = {16115F2B-AF2B-4BC8-B812-DF4A52297955}
	EndGlobalSection
EndGlobal
